
Microsoft Visual Studio Solution File, Format Version 12.00
# Visual Studio Version 17
VisualStudioVersion = 17.2.32616.157
MinimumVisualStudioVersion = 10.0.40219.1
Project("{FAE04EC0-301F-11D3-BF4B-00C04F79EFBC}") = "Qr Code", "Qr Code\Qr Code.csproj", "{78A692DD-C09B-4D94-A164-40FA411AF11F}"
EndProject
Global
	GlobalSection(SolutionConfigurationPlatforms) = preSolution
		Debug|Any CPU = Debug|Any CPU
		Release|Any CPU = Release|Any CPU
	EndGlobalSection
	GlobalSection(ProjectConfigurationPlatforms) = postSolution
		{78A692DD-C09B-4D94-A164-40FA411AF11F}.Debug|Any CPU.ActiveCfg = Debug|Any CPU
		{78A692DD-C09B-4D94-A164-40FA411AF11F}.Debug|Any CPU.Build.0 = Debug|Any CPU
		{78A692DD-C09B-4D94-A164-40FA411AF11F}.Release|Any CPU.ActiveCfg = Release|Any CPU
		{78A692DD-C09B-4D94-A164-40FA411AF11F}.Release|Any CPU.Build.0 = Release|Any CPU
	EndGlobalSection
	GlobalSection(SolutionProperties) = preSolution
		HideSolutionNode = FALSE
	EndGlobalSection
	GlobalSection(ExtensibilityGlobals) = postSolution
		SolutionGuid = {0772A538-4981-4739-A502-40E0784385FB}
	EndGlobalSection
EndGlobal
